// !$*UTF8*$!
{
	archiveVersion = 1;
	classes = {
	};
	objectVersion = 46;
	objects = {

/* Begin PBXBuildFile section */
		CD24A28C1A81354200FC2C7E /* main.m in Sources */ = {isa = PBXBuildFile; fileRef = CD24A28B1A81354200FC2C7E /* main.m */; };
		CD24A28F1A81354200FC2C7E /* AppDelegate.m in Sources */ = {isa = PBXBuildFile; fileRef = CD24A28E1A81354200FC2C7E /* AppDelegate.m */; };
		CD24A2921A81354200FC2C7E /* ViewController.m in Sources */ = {isa = PBXBuildFile; fileRef = CD24A2911A81354200FC2C7E /* ViewController.m */; };
		CD24A2951A81354200FC2C7E /* Main.storyboard in Resources */ = {isa = PBXBuildFile; fileRef = CD24A2931A81354200FC2C7E /* Main.storyboard */; };
		CD24A2971A81354200FC2C7E /* Images.xcassets in Resources */ = {isa = PBXBuildFile; fileRef = CD24A2961A81354200FC2C7E /* Images.xcassets */; };
		CD24A29A1A81354200FC2C7E /* LaunchScreen.xib in Resources */ = {isa = PBXBuildFile; fileRef = CD24A2981A81354200FC2C7E /* LaunchScreen.xib */; };
		CD24A2A61A81354300FC2C7E /* App1Tests.m in Sources */ = {isa = PBXBuildFile; fileRef = CD24A2A51A81354300FC2C7E /* App1Tests.m */; };
		CD24A2B11A813B1E00FC2C7E /* Country.m in Sources */ = {isa = PBXBuildFile; fileRef = CD24A2B01A813B1E00FC2C7E /* Country.m */; };
		CD24A2BA1A81593E00FC2C7E /* CountryViewController.m in Sources */ = {isa = PBXBuildFile; fileRef = CD24A2B91A81593E00FC2C7E /* CountryViewController.m */; };
/* End PBXBuildFile section */

/* Begin PBXContainerItemProxy section */
		CD24A2A01A81354300FC2C7E /* PBXContainerItemProxy */ = {
			isa = PBXContainerItemProxy;
			containerPortal = CD24A27E1A81354200FC2C7E /* Project object */;
			proxyType = 1;
			remoteGlobalIDString = CD24A2851A81354200FC2C7E;
			remoteInfo = App1;
		};
/* End PBXContainerItemProxy section */

/* Begin PBXFileReference section */
		CD24A2861A81354200FC2C7E /* App1.app */ = {isa = PBXFileReference; explicitFileType = wrapper.application; includeInIndex = 0; path = App1.app; sourceTree = BUILT_PRODUCTS_DIR; };
		CD24A28A1A81354200FC2C7E /* Info.plist */ = {isa = PBXFileReference; lastKnownFileType = text.plist.xml; path = Info.plist; sourceTree = "<group>"; };
		CD24A28B1A81354200FC2C7E /* main.m */ = {isa = PBXFileReference; lastKnownFileType = sourcecode.c.objc; path = main.m; sourceTree = "<group>"; };
		CD24A28D1A81354200FC2C7E /* AppDelegate.h */ = {isa = PBXFileReference; lastKnownFileType = sourcecode.c.h; path = AppDelegate.h; sourceTree = "<group>"; };
		CD24A28E1A81354200FC2C7E /* AppDelegate.m */ = {isa = PBXFileReference; lastKnownFileType = sourcecode.c.objc; path = AppDelegate.m; sourceTree = "<group>"; };
		CD24A2901A81354200FC2C7E /* ViewController.h */ = {isa = PBXFileReference; lastKnownFileType = sourcecode.c.h; path = ViewController.h; sourceTree = "<group>"; };
		CD24A2911A81354200FC2C7E /* ViewController.m */ = {isa = PBXFileReference; lastKnownFileType = sourcecode.c.objc; path = ViewController.m; sourceTree = "<group>"; };
		CD24A2941A81354200FC2C7E /* Base */ = {isa = PBXFileReference; lastKnownFileType = file.storyboard; name = Base; path = Base.lproj/Main.storyboard; sourceTree = "<group>"; };
		CD24A2961A81354200FC2C7E /* Images.xcassets */ = {isa = PBXFileReference; lastKnownFileType = folder.assetcatalog; path = Images.xcassets; sourceTree = "<group>"; };
		CD24A2991A81354200FC2C7E /* Base */ = {isa = PBXFileReference; lastKnownFileType = file.xib; name = Base; path = Base.lproj/LaunchScreen.xib; sourceTree = "<group>"; };
		CD24A29F1A81354300FC2C7E /* App1Tests.xctest */ = {isa = PBXFileReference; explicitFileType = wrapper.cfbundle; includeInIndex = 0; path = App1Tests.xctest; sourceTree = BUILT_PRODUCTS_DIR; };
		CD24A2A41A81354300FC2C7E /* Info.plist */ = {isa = PBXFileReference; lastKnownFileType = text.plist.xml; path = Info.plist; sourceTree = "<group>"; };
		CD24A2A51A81354300FC2C7E /* App1Tests.m */ = {isa = PBXFileReference; lastKnownFileType = sourcecode.c.objc; path = App1Tests.m; sourceTree = "<group>"; };
		CD24A2B01A813B1E00FC2C7E /* Country.m */ = {isa = PBXFileReference; fileEncoding = 4; lastKnownFileType = sourcecode.c.objc; path = Country.m; sourceTree = "<group>"; };
		CD24A2B21A813B6D00FC2C7E /* Country.h */ = {isa = PBXFileReference; lastKnownFileType = sourcecode.c.h; path = Country.h; sourceTree = "<group>"; };
		CD24A2B91A81593E00FC2C7E /* CountryViewController.m */ = {isa = PBXFileReference; fileEncoding = 4; lastKnownFileType = sourcecode.c.objc; path = CountryViewController.m; sourceTree = "<group>"; };
		CD24A2BB1A81597C00FC2C7E /* CountryViewController.h */ = {isa = PBXFileReference; lastKnownFileType = sourcecode.c.h; path = CountryViewController.h; sourceTree = "<group>"; };
/* End PBXFileReference section */

/* Begin PBXFrameworksBuildPhase section */
		CD24A2831A81354200FC2C7E /* Frameworks */ = {
			isa = PBXFrameworksBuildPhase;
			buildActionMask = 2147483647;
			files = (
			);
			runOnlyForDeploymentPostprocessing = 0;
		};
		CD24A29C1A81354300FC2C7E /* Frameworks */ = {
			isa = PBXFrameworksBuildPhase;
			buildActionMask = 2147483647;
			files = (
			);
			runOnlyForDeploymentPostprocessing = 0;
		};
/* End PBXFrameworksBuildPhase section */

/* Begin PBXGroup section */
		CD24A27D1A81354200FC2C7E = {
			isa = PBXGroup;
			children = (
				CD24A2881A81354200FC2C7E /* App1 */,
				CD24A2A21A81354300FC2C7E /* App1Tests */,
				CD24A2871A81354200FC2C7E /* Products */,
			);
			sourceTree = "<group>";
		};
		CD24A2871A81354200FC2C7E /* Products */ = {
			isa = PBXGroup;
			children = (
				CD24A2861A81354200FC2C7E /* App1.app */,
				CD24A29F1A81354300FC2C7E /* App1Tests.xctest */,
			);
			name = Products;
			sourceTree = "<group>";
		};
		CD24A2881A81354200FC2C7E /* App1 */ = {
			isa = PBXGroup;
			children = (
				CD24A28D1A81354200FC2C7E /* AppDelegate.h */,
				CD24A28E1A81354200FC2C7E /* AppDelegate.m */,
				CD24A2901A81354200FC2C7E /* ViewController.h */,
				CD24A2911A81354200FC2C7E /* ViewController.m */,
				CD24A2931A81354200FC2C7E /* Main.storyboard */,
				CD24A2961A81354200FC2C7E /* Images.xcassets */,
				CD24A2981A81354200FC2C7E /* LaunchScreen.xib */,
				CD24A2891A81354200FC2C7E /* Supporting Files */,
				CD24A2B01A813B1E00FC2C7E /* Country.m */,
				CD24A2B21A813B6D00FC2C7E /* Country.h */,
				CD24A2B91A81593E00FC2C7E /* CountryViewController.m */,
				CD24A2BB1A81597C00FC2C7E /* CountryViewController.h */,
			);
			path = App1;
			sourceTree = "<group>";
		};
		CD24A2891A81354200FC2C7E /* Supporting Files */ = {
			isa = PBXGroup;
			children = (
				CD24A28A1A81354200FC2C7E /* Info.plist */,
				CD24A28B1A81354200FC2C7E /* main.m */,
			);
			name = "Supporting Files";
			sourceTree = "<group>";
		};
		CD24A2A21A81354300FC2C7E /* App1Tests */ = {
			isa = PBXGroup;
			children = (
				CD24A2A51A81354300FC2C7E /* App1Tests.m */,
				CD24A2A31A81354300FC2C7E /* Supporting Files */,
			);
			path = App1Tests;
			sourceTree = "<group>";
		};
		CD24A2A31A81354300FC2C7E /* Supporting Files */ = {
			isa = PBXGroup;
			children = (
				CD24A2A41A81354300FC2C7E /* Info.plist */,
			);
			name = "Supporting Files";
			sourceTree = "<group>";
		};
/* End PBXGroup section */

/* Begin PBXNativeTarget section */
		CD24A2851A81354200FC2C7E /* App1 */ = {
			isa = PBXNativeTarget;
			buildConfigurationList = CD24A2A91A81354300FC2C7E /* Build configuration list for PBXNativeTarget "App1" */;
			buildPhases = (
				CD24A2821A81354200FC2C7E /* Sources */,
				CD24A2831A81354200FC2C7E /* Frameworks */,
				CD24A2841A81354200FC2C7E /* Resources */,
			);
			buildRules = (
			);
			dependencies = (
			);
			name = App1;
			productName = App1;
			productReference = CD24A2861A81354200FC2C7E /* App1.app */;
			productType = "com.apple.product-type.application";
		};
		CD24A29E1A81354300FC2C7E /* App1Tests */ = {
			isa = PBXNativeTarget;
			buildConfigurationList = CD24A2AC1A81354300FC2C7E /* Build configuration list for PBXNativeTarget "App1Tests" */;
			buildPhases = (
				CD24A29B1A81354300FC2C7E /* Sources */,
				CD24A29C1A81354300FC2C7E /* Frameworks */,
				CD24A29D1A81354300FC2C7E /* Resources */,
			);
			buildRules = (
			);
			dependencies = (
				CD24A2A11A81354300FC2C7E /* PBXTargetDependency */,
			);
			name = App1Tests;
			productName = App1Tests;
			productReference = CD24A29F1A81354300FC2C7E /* App1Tests.xctest */;
			productType = "com.apple.product-type.bundle.unit-test";
		};
/* End PBXNativeTarget section */

/* Begin PBXProject section */
		CD24A27E1A81354200FC2C7E /* Project object */ = {
			isa = PBXProject;
			attributes = {
				LastUpgradeCheck = 0610;
				ORGANIZATIONNAME = "David Rivera";
				TargetAttributes = {
					CD24A2851A81354200FC2C7E = {
						CreatedOnToolsVersion = 6.1.1;
					};
					CD24A29E1A81354300FC2C7E = {
						CreatedOnToolsVersion = 6.1.1;
						TestTargetID = CD24A2851A81354200FC2C7E;
					};
				};
			};
			buildConfigurationList = CD24A2811A81354200FC2C7E /* Build configuration list for PBXProject "App1" */;
			compatibilityVersion = "Xcode 3.2";
			developmentRegion = English;
			hasScannedForEncodings = 0;
			knownRegions = (
				en,
				Base,
			);
			mainGroup = CD24A27D1A81354200FC2C7E;
			productRefGroup = CD24A2871A81354200FC2C7E /* Products */;
			projectDirPath = "";
			projectRoot = "";
			targets = (
				CD24A2851A81354200FC2C7E /* App1 */,
				CD24A29E1A81354300FC2C7E /* App1Tests */,
			);
		};
/* End PBXProject section */

/* Begin PBXResourcesBuildPhase section */
		CD24A2841A81354200FC2C7E /* Resources */ = {
			isa = PBXResourcesBuildPhase;
			buildActionMask = 2147483647;
			files = (
				CD24A2951A81354200FC2C7E /* Main.storyboard in Resources */,
				CD24A29A1A81354200FC2C7E /* LaunchScreen.xib in Resources */,
				CD24A2971A81354200FC2C7E /* Images.xcassets in Resources */,
			);
			runOnlyForDeploymentPostprocessing = 0;
		};
		CD24A29D1A81354300FC2C7E /* Resources */ = {
			isa = PBXResourcesBuildPhase;
			buildActionMask = 2147483647;
			files = (
			);
			runOnlyForDeploymentPostprocessing = 0;
		};
/* End PBXResourcesBuildPhase section */

/* Begin PBXSourcesBuildPhase section */
		CD24A2821A81354200FC2C7E /* Sources */ = {
			isa = PBXSourcesBuildPhase;
			buildActionMask = 2147483647;
			files = (
				CD24A2B11A813B1E00FC2C7E /* Country.m in Sources */,
				CD24A2921A81354200FC2C7E /* ViewController.m in Sources */,
				CD24A28F1A81354200FC2C7E /* AppDelegate.m in Sources */,
				CD24A28C1A81354200FC2C7E /* main.m in Sources */,
				CD24A2BA1A81593E00FC2C7E /* CountryViewController.m in Sources */,
			);
			runOnlyForDeploymentPostprocessing = 0;
		};
		CD24A29B1A81354300FC2C7E /* Sources */ = {
			isa = PBXSourcesBuildPhase;
			buildActionMask = 2147483647;
			files = (
				CD24A2A61A81354300FC2C7E /* App1Tests.m in Sources */,
			);
			runOnlyForDeploymentPostprocessing = 0;
		};
/* End PBXSourcesBuildPhase section */

/* Begin PBXTargetDependency section */
		CD24A2A11A81354300FC2C7E /* PBXTargetDependency */ = {
			isa = PBXTargetDependency;
			target = CD24A2851A81354200FC2C7E /* App1 */;
			targetProxy = CD24A2A01A81354300FC2C7E /* PBXContainerItemProxy */;
		};
/* End PBXTargetDependency section */

/* Begin PBXVariantGroup section */
		CD24A2931A81354200FC2C7E /* Main.storyboard */ = {
			isa = PBXVariantGroup;
			children = (
				CD24A2941A81354200FC2C7E /* Base */,
			);
			name = Main.storyboard;
			sourceTree = "<group>";
		};
		CD24A2981A81354200FC2C7E /* LaunchScreen.xib */ = {
			isa = PBXVariantGroup;
			children = (
				CD24A2991A81354200FC2C7E /* Base */,
			);
			name = LaunchScreen.xib;
			sourceTree = "<group>";
		};
/* End PBXVariantGroup section */

/* Begin XCBuildConfiguration section */
		CD24A2A71A81354300FC2C7E /* Debug */ = {
			isa = XCBuildConfiguration;
			buildSettings = {
				ALWAYS_SEARCH_USER_PATHS = NO;
				CLANG_CXX_LANGUAGE_STANDARD = "gnu++0x";
				CLANG_CXX_LIBRARY = "libc++";
				CLANG_ENABLE_MODULES = YES;
				CLANG_ENABLE_OBJC_ARC = YES;
				CLANG_WARN_BOOL_CONVERSION = YES;
				CLANG_WARN_CONSTANT_CONVERSION = YES;
				CLANG_WARN_DIRECT_OBJC_ISA_USAGE = YES_ERROR;
				CLANG_WARN_EMPTY_BODY = YES;
				CLANG_WARN_ENUM_CONVERSION = YES;
				CLANG_WARN_INT_CONVERSION = YES;
				CLANG_WARN_OBJC_ROOT_CLASS = YES_ERROR;
				CLANG_WARN_UNREACHABLE_CODE = YES;
				CLANG_WARN__DUPLICATE_METHOD_MATCH = YES;
				"CODE_SIGN_IDENTITY[sdk=iphoneos*]" = "iPhone Developer";
				COPY_PHASE_STRIP = NO;
				ENABLE_STRICT_OBJC_MSGSEND = YES;
				GCC_C_LANGUAGE_STANDARD = gnu99;
				GCC_DYNAMIC_NO_PIC = NO;
				GCC_OPTIMIZATION_LEVEL = 0;
				GCC_PREPROCESSOR_DEFINITIONS = (
					"DEBUG=1",
					"$(inherited)",
				);
				GCC_SYMBOLS_PRIVATE_EXTERN = NO;
				GCC_WARN_64_TO_32_BIT_CONVERSION = YES;
				GCC_WARN_ABOUT_RETURN_TYPE = YES_ERROR;
				GCC_WARN_UNDECLARED_SELECTOR = YES;
				GCC_WARN_UNINITIALIZED_AUTOS = YES_AGGRESSIVE;
				GCC_WARN_UNUSED_FUNCTION = YES;
				GCC_WARN_UNUSED_VARIABLE = YES;
				IPHONEOS_DEPLOYMENT_TARGET = 8.1;
				MTL_ENABLE_DEBUG_INFO = YES;
				ONLY_ACTIVE_ARCH = YES;
				SDKROOT = iphoneos;
				TARGETED_DEVICE_FAMILY = "1,2";
			};
			name = Debug;
		};
		CD24A2A81A81354300FC2C7E /* Release */ = {
			isa = XCBuildConfiguration;
			buildSettings = {
				ALWAYS_SEARCH_USER_PATHS = NO;
				CLANG_CXX_LANGUAGE_STANDARD = "gnu++0x";
				CLANG_CXX_LIBRARY = "libc++";
				CLANG_ENABLE_MODULES = YES;
				CLANG_ENABLE_OBJC_ARC = YES;
				CLANG_WARN_BOOL_CONVERSION = YES;
				CLANG_WARN_CONSTANT_CONVERSION = YES;
				CLANG_WARN_DIRECT_OBJC_ISA_USAGE = YES_ERROR;
				CLANG_WARN_EMPTY_BODY = YES;
				CLANG_WARN_ENUM_CONVERSION = YES;
				CLANG_WARN_INT_CONVERSION = YES;
				CLANG_WARN_OBJC_ROOT_CLASS = YES_ERROR;
				CLANG_WARN_UNREACHABLE_CODE = YES;
				CLANG_WARN__DUPLICATE_METHOD_MATCH = YES;
				"CODE_SIGN_IDENTITY[sdk=iphoneos*]" = "iPhone Developer";
				COPY_PHASE_STRIP = YES;
				ENABLE_NS_ASSERTIONS = NO;
				ENABLE_STRICT_OBJC_MSGSEND = YES;
				GCC_C_LANGUAGE_STANDARD = gnu99;
				GCC_WARN_64_TO_32_BIT_CONVERSION = YES;
				GCC_WARN_ABOUT_RETURN_TYPE = YES_ERROR;
				GCC_WARN_UNDECLARED_SELECTOR = YES;
				GCC_WARN_UNINITIALIZED_AUTOS = YES_AGGRESSIVE;
				GCC_WARN_UNUSED_FUNCTION = YES;
				GCC_WARN_UNUSED_VARIABLE = YES;
				IPHONEOS_DEPLOYMENT_TARGET = 8.1;
				MTL_ENABLE_DEBUG_INFO = NO;
				SDKROOT = iphoneos;
				TARGETED_DEVICE_FAMILY = "1,2";
				VALIDATE_PRODUCT = YES;
			};
			name = Release;
		};
		CD24A2AA1A81354300FC2C7E /* Debug */ = {
			isa = XCBuildConfiguration;
			buildSettings = {
				ASSETCATALOG_COMPILER_APPICON_NAME = AppIcon;
				INFOPLIST_FILE = App1/Info.plist;
				LD_RUNPATH_SEARCH_PATHS = "$(inherited) @executable_path/Frameworks";
				PRODUCT_NAME = "$(TARGET_NAME)";
			};
			name = Debug;
		};
		CD24A2AB1A81354300FC2C7E /* Release */ = {
			isa = XCBuildConfiguration;
			buildSettings = {
				ASSETCATALOG_COMPILER_APPICON_NAME = AppIcon;
				INFOPLIST_FILE = App1/Info.plist;
				LD_RUNPATH_SEARCH_PATHS = "$(inherited) @executable_path/Frameworks";
				PRODUCT_NAME = "$(TARGET_NAME)";
			};
			name = Release;
		};
		CD24A2AD1A81354300FC2C7E /* Debug */ = {
			isa = XCBuildConfiguration;
			buildSettings = {
				BUNDLE_LOADER = "$(TEST_HOST)";
				FRAMEWORK_SEARCH_PATHS = (
					"$(SDKROOT)/Developer/Library/Frameworks",
					"$(inherited)",
				);
				GCC_PREPROCESSOR_DEFINITIONS = (
					"DEBUG=1",
					"$(inherited)",
				);
				INFOPLIST_FILE = App1Tests/Info.plist;
				LD_RUNPATH_SEARCH_PATHS = "$(inherited) @executable_path/Frameworks @loader_path/Frameworks";
				PRODUCT_NAME = "$(TARGET_NAME)";
				TEST_HOST = "$(BUILT_PRODUCTS_DIR)/App1.app/App1";
			};
			name = Debug;
		};
		CD24A2AE1A81354300FC2C7E /* Release */ = {
			isa = XCBuildConfiguration;
			buildSettings = {
				BUNDLE_LOADER = "$(TEST_HOST)";
				FRAMEWORK_SEARCH_PATHS = (
					"$(SDKROOT)/Developer/Library/Frameworks",
					"$(inherited)",
				);
				INFOPLIST_FILE = App1Tests/Info.plist;
				LD_RUNPATH_SEARCH_PATHS = "$(inherited) @executable_path/Frameworks @loader_path/Frameworks";
				PRODUCT_NAME = "$(TARGET_NAME)";
				TEST_HOST = "$(BUILT_PRODUCTS_DIR)/App1.app/App1";
			};
			name = Release;
		};
/* End XCBuildConfiguration section */

/* Begin XCConfigurationList section */
		CD24A2811A81354200FC2C7E /* Build configuration list for PBXProject "App1" */ = {
			isa = XCConfigurationList;
			buildConfigurations = (
				CD24A2A71A81354300FC2C7E /* Debug */,
				CD24A2A81A81354300FC2C7E /* Release */,
			);
			defaultConfigurationIsVisible = 0;
			defaultConfigurationName = Release;
		};
		CD24A2A91A81354300FC2C7E /* Build configuration list for PBXNativeTarget "App1" */ = {
			isa = XCConfigurationList;
			buildConfigurations = (
				CD24A2AA1A81354300FC2C7E /* Debug */,
				CD24A2AB1A81354300FC2C7E /* Release */,
			);
			defaultConfigurationIsVisible = 0;
			defaultConfigurationName = Release;
		};
		CD24A2AC1A81354300FC2C7E /* Build configuration list for PBXNativeTarget "App1Tests" */ = {
			isa = XCConfigurationList;
			buildConfigurations = (
				CD24A2AD1A81354300FC2C7E /* Debug */,
				CD24A2AE1A81354300FC2C7E /* Release */,
			);
			defaultConfigurationIsVisible = 0;
			defaultConfigurationName = Release;
		};
/* End XCConfigurationList section */
	};
	rootObject = CD24A27E1A81354200FC2C7E /* Project object */;
}
